
Microsoft Visual Studio Solution File, Format Version 12.00
# Visual Studio Version 16
VisualStudioVersion = 16.0.29709.97
MinimumVisualStudioVersion = 10.0.40219.1
Project("{FAE04EC0-301F-11D3-BF4B-00C04F79EFBC}") = "model", "model\model.csproj", "{B7EFF84B-1EFE-41EC-8668-5F76C80B6623}"
EndProject
Project("{FAE04EC0-301F-11D3-BF4B-00C04F79EFBC}") = "SorterTest", "SorterTest\SorterTest.csproj", "{F7AF16F1-0E51-4DB4-8F69-C5AE06FDB869}"
EndProject
Global
	GlobalSection(SolutionConfigurationPlatforms) = preSolution
		Debug|Any CPU = Debug|Any CPU
		Release|Any CPU = Release|Any CPU
	EndGlobalSection
	GlobalSection(ProjectConfigurationPlatforms) = postSolution
		{B7EFF84B-1EFE-41EC-8668-5F76C80B6623}.Debug|Any CPU.ActiveCfg = Debug|Any CPU
		{B7EFF84B-1EFE-41EC-8668-5F76C80B6623}.Debug|Any CPU.Build.0 = Debug|Any CPU
		{B7EFF84B-1EFE-41EC-8668-5F76C80B6623}.Release|Any CPU.ActiveCfg = Release|Any CPU
		{B7EFF84B-1EFE-41EC-8668-5F76C80B6623}.Release|Any CPU.Build.0 = Release|Any CPU
		{F7AF16F1-0E51-4DB4-8F69-C5AE06FDB869}.Debug|Any CPU.ActiveCfg = Debug|Any CPU
		{F7AF16F1-0E51-4DB4-8F69-C5AE06FDB869}.Debug|Any CPU.Build.0 = Debug|Any CPU
		{F7AF16F1-0E51-4DB4-8F69-C5AE06FDB869}.Release|Any CPU.ActiveCfg = Release|Any CPU
		{F7AF16F1-0E51-4DB4-8F69-C5AE06FDB869}.Release|Any CPU.Build.0 = Release|Any CPU
	EndGlobalSection
	GlobalSection(SolutionProperties) = preSolution
		HideSolutionNode = FALSE
	EndGlobalSection
	GlobalSection(ExtensibilityGlobals) = postSolution
		SolutionGuid = {5D8CA48A-5E2D-43CA-9D5D-154CF9849A83}
	EndGlobalSection
EndGlobal
